PODS:
  - Alamofire (5.7.1)
  - KakaoSDKAuth (2.15.0):
    - KakaoSDKCommon (= 2.15.0)
  - KakaoSDKCommon (2.15.0):
    - KakaoSDKCommon/Common (= 2.15.0)
    - KakaoSDKCommon/Network (= 2.15.0)
  - KakaoSDKCommon/Common (2.15.0)
  - KakaoSDKCommon/Network (2.15.0):
    - Alamofire (~> 5.1)
    - KakaoSDKCommon/Common (= 2.15.0)
  - KakaoSDKNavi (2.15.0):
    - KakaoSDKCommon/Common (= 2.15.0)
  - KakaoSDKShare (2.15.0):
    - KakaoSDKCommon (= 2.15.0)
    - KakaoSDKTemplate (= 2.15.0)
  - KakaoSDKStory (2.15.0):
    - KakaoSDKUser (= 2.15.0)
  - KakaoSDKTalk (2.15.0):
    - KakaoSDKTemplate (= 2.15.0)
    - KakaoSDKUser (= 2.15.0)
  - KakaoSDKTemplate (2.15.0):
    - KakaoSDKCommon/Common (= 2.15.0)
  - KakaoSDKUser (2.15.0):
    - KakaoSDKAuth (= 2.15.0)
  - naveridlogin-sdk-ios (4.1.6)

DEPENDENCIES:
  - Alamofire
  - KakaoSDKAuth
  - KakaoSDKCommon
  - KakaoSDKNavi
  - KakaoSDKShare
  - KakaoSDKStory
  - KakaoSDKTalk
  - KakaoSDKTemplate
  - KakaoSDKUser
  - naveridlogin-sdk-ios

SPEC REPOS:
  trunk:
    - Alamofire
    - KakaoSDKAuth
    - KakaoSDKCommon
    - KakaoSDKNavi
    - KakaoSDKShare
    - KakaoSDKStory
    - KakaoSDKTalk
    - KakaoSDKTemplate
    - KakaoSDKUser
    - naveridlogin-sdk-ios

SPEC CHECKSUMS:
  Alamofire: 0123a34370cb170936ae79a8df46cc62b2edeb88
  KakaoSDKAuth: 0fe5cf1756e8a9f66f8fc77826061aafa93034f3
  KakaoSDKCommon: 89d863b7f34398e6fb93a0acb28a204908551a39
  KakaoSDKNavi: b47131f0fa64857bc69d3fe7d2cad5fa70137900
  KakaoSDKShare: f9a7dc7baa8ad9eb7b6b6a3b99802407ab3c81a2
  KakaoSDKStory: d7c0c186bf869a6b107c5d416ad7f2a88fa524a9
  KakaoSDKTalk: 846856743650b0eea4040a38368a7c1e8dcb0072
  KakaoSDKTemplate: c9cbc64b0248c7a33c211a56dada7e38c1210751
  KakaoSDKUser: a997ca5c4c18ece2ab30646ff74841bc29d4399d
  naveridlogin-sdk-ios: cdd34e3585a3d5aaf37c1d84c1f41faba4a25d1a

PODFILE CHECKSUM: 66fc3ed349d4f3fbed20d0edca869aeaa5f61e76

COCOAPODS: 1.12.1
