// !$*UTF8*$!
{
	archiveVersion = 1;
	classes = {
	};
	objectVersion = 56;
	objects = {

/* Begin PBXBuildFile section */
		1804541D2A51D06C00D02308 /* AppDelegate.swift in Sources */ = {isa = PBXBuildFile; fileRef = 1804541C2A51D06C00D02308 /* AppDelegate.swift */; };
		1804541F2A51D06C00D02308 /* SceneDelegate.swift in Sources */ = {isa = PBXBuildFile; fileRef = 1804541E2A51D06C00D02308 /* SceneDelegate.swift */; };
		180454212A51D06C00D02308 /* ViewController.swift in Sources */ = {isa = PBXBuildFile; fileRef = 180454202A51D06C00D02308 /* ViewController.swift */; };
		180454242A51D06C00D02308 /* Main.storyboard in Resources */ = {isa = PBXBuildFile; fileRef = 180454222A51D06C00D02308 /* Main.storyboard */; };
		180454272A51D06C00D02308 /* myADD.xcdatamodeld in Sources */ = {isa = PBXBuildFile; fileRef = 180454252A51D06C00D02308 /* myADD.xcdatamodeld */; };
		180454292A51D06D00D02308 /* Assets.xcassets in Resources */ = {isa = PBXBuildFile; fileRef = 180454282A51D06D00D02308 /* Assets.xcassets */; };
		1804542C2A51D06D00D02308 /* LaunchScreen.storyboard in Resources */ = {isa = PBXBuildFile; fileRef = 1804542A2A51D06D00D02308 /* LaunchScreen.storyboard */; };
		180454362A51E1E700D02308 /* LoginPropertyList.plist in Resources */ = {isa = PBXBuildFile; fileRef = 180454352A51E1E700D02308 /* LoginPropertyList.plist */; };
		180454382A5452F400D02308 /* myADDKEYBundle.swift in Sources */ = {isa = PBXBuildFile; fileRef = 180454372A5452F400D02308 /* myADDKEYBundle.swift */; };
		2EA27BDC5CC5C5EB8E8152CA /* Pods_myADD.framework in Frameworks */ = {isa = PBXBuildFile; fileRef = FC78431A1F07D286CB8A48D1 /* Pods_myADD.framework */; };
/* End PBXBuildFile section */

/* Begin PBXFileReference section */
		180454192A51D06C00D02308 /* myADD.app */ = {isa = PBXFileReference; explicitFileType = wrapper.application; includeInIndex = 0; path = myADD.app; sourceTree = BUILT_PRODUCTS_DIR; };
		1804541C2A51D06C00D02308 /* AppDelegate.swift */ = {isa = PBXFileReference; lastKnownFileType = sourcecode.swift; path = AppDelegate.swift; sourceTree = "<group>"; };
		1804541E2A51D06C00D02308 /* SceneDelegate.swift */ = {isa = PBXFileReference; lastKnownFileType = sourcecode.swift; path = SceneDelegate.swift; sourceTree = "<group>"; };
		180454202A51D06C00D02308 /* ViewController.swift */ = {isa = PBXFileReference; lastKnownFileType = sourcecode.swift; path = ViewController.swift; sourceTree = "<group>"; };
		180454232A51D06C00D02308 /* Base */ = {isa = PBXFileReference; lastKnownFileType = file.storyboard; name = Base; path = Base.lproj/Main.storyboard; sourceTree = "<group>"; };
		180454262A51D06C00D02308 /* myADD.xcdatamodel */ = {isa = PBXFileReference; lastKnownFileType = wrapper.xcdatamodel; path = myADD.xcdatamodel; sourceTree = "<group>"; };
		180454282A51D06D00D02308 /* Assets.xcassets */ = {isa = PBXFileReference; lastKnownFileType = folder.assetcatalog; path = Assets.xcassets; sourceTree = "<group>"; };
		1804542B2A51D06D00D02308 /* Base */ = {isa = PBXFileReference; lastKnownFileType = file.storyboard; name = Base; path = Base.lproj/LaunchScreen.storyboard; sourceTree = "<group>"; };
		1804542D2A51D06D00D02308 /* Info.plist */ = {isa = PBXFileReference; lastKnownFileType = text.plist.xml; path = Info.plist; sourceTree = "<group>"; };
		180454352A51E1E700D02308 /* LoginPropertyList.plist */ = {isa = PBXFileReference; lastKnownFileType = text.plist.xml; path = LoginPropertyList.plist; sourceTree = "<group>"; };
		180454372A5452F400D02308 /* myADDKEYBundle.swift */ = {isa = PBXFileReference; lastKnownFileType = sourcecode.swift; path = myADDKEYBundle.swift; sourceTree = "<group>"; };
		4E9FCC9790A9D7C39B09E572 /* Pods-myADD.debug.xcconfig */ = {isa = PBXFileReference; includeInIndex = 1; lastKnownFileType = text.xcconfig; name = "Pods-myADD.debug.xcconfig"; path = "Target Support Files/Pods-myADD/Pods-myADD.debug.xcconfig"; sourceTree = "<group>"; };
		D120F8CE219FB2A1584AE21B /* Pods-myADD.release.xcconfig */ = {isa = PBXFileReference; includeInIndex = 1; lastKnownFileType = text.xcconfig; name = "Pods-myADD.release.xcconfig"; path = "Target Support Files/Pods-myADD/Pods-myADD.release.xcconfig"; sourceTree = "<group>"; };
		FC78431A1F07D286CB8A48D1 /* Pods_myADD.framework */ = {isa = PBXFileReference; explicitFileType = wrapper.framework; includeInIndex = 0; path = Pods_myADD.framework; sourceTree = BUILT_PRODUCTS_DIR; };
/* End PBXFileReference section */

/* Begin PBXFrameworksBuildPhase section */
		180454162A51D06C00D02308 /* Frameworks */ = {
			isa = PBXFrameworksBuildPhase;
			buildActionMask = 2147483647;
			files = (
				2EA27BDC5CC5C5EB8E8152CA /* Pods_myADD.framework in Frameworks */,
			);
			runOnlyForDeploymentPostprocessing = 0;
		};
/* End PBXFrameworksBuildPhase section */

/* Begin PBXGroup section */
		146DFC4DF65799D9D60C25F3 /* Frameworks */ = {
			isa = PBXGroup;
			children = (
				FC78431A1F07D286CB8A48D1 /* Pods_myADD.framework */,
			);
			name = Frameworks;
			sourceTree = "<group>";
		};
		180454102A51D06C00D02308 = {
			isa = PBXGroup;
			children = (
				1804541B2A51D06C00D02308 /* myADD */,
				1804541A2A51D06C00D02308 /* Products */,
				9C5341E42ECF0376392FED9F /* Pods */,
				146DFC4DF65799D9D60C25F3 /* Frameworks */,
			);
			sourceTree = "<group>";
		};
		1804541A2A51D06C00D02308 /* Products */ = {
			isa = PBXGroup;
			children = (
				180454192A51D06C00D02308 /* myADD.app */,
			);
			name = Products;
			sourceTree = "<group>";
		};
		1804541B2A51D06C00D02308 /* myADD */ = {
			isa = PBXGroup;
			children = (
				1804541C2A51D06C00D02308 /* AppDelegate.swift */,
				1804541E2A51D06C00D02308 /* SceneDelegate.swift */,
				180454202A51D06C00D02308 /* ViewController.swift */,
				180454222A51D06C00D02308 /* Main.storyboard */,
				180454282A51D06D00D02308 /* Assets.xcassets */,
				1804542A2A51D06D00D02308 /* LaunchScreen.storyboard */,
				1804542D2A51D06D00D02308 /* Info.plist */,
				180454252A51D06C00D02308 /* myADD.xcdatamodeld */,
				180454352A51E1E700D02308 /* LoginPropertyList.plist */,
				180454372A5452F400D02308 /* myADDKEYBundle.swift */,
			);
			path = myADD;
			sourceTree = "<group>";
		};
		9C5341E42ECF0376392FED9F /* Pods */ = {
			isa = PBXGroup;
			children = (
				4E9FCC9790A9D7C39B09E572 /* Pods-myADD.debug.xcconfig */,
				D120F8CE219FB2A1584AE21B /* Pods-myADD.release.xcconfig */,
			);
			path = Pods;
			sourceTree = "<group>";
		};
/* End PBXGroup section */

/* Begin PBXNativeTarget section */
		180454182A51D06C00D02308 /* myADD */ = {
			isa = PBXNativeTarget;
			buildConfigurationList = 180454302A51D06D00D02308 /* Build configuration list for PBXNativeTarget "myADD" */;
			buildPhases = (
				63228E7B49FF650F9A05BC0B /* [CP] Check Pods Manifest.lock */,
				180454152A51D06C00D02308 /* Sources */,
				180454162A51D06C00D02308 /* Frameworks */,
				180454172A51D06C00D02308 /* Resources */,
				CFB7A2E5198BF84C5D2CDF73 /* [CP] Embed Pods Frameworks */,
			);
			buildRules = (
			);
			dependencies = (
			);
			name = myADD;
			productName = myADD;
			productReference = 180454192A51D06C00D02308 /* myADD.app */;
			productType = "com.apple.product-type.application";
		};
/* End PBXNativeTarget section */

/* Begin PBXProject section */
		180454112A51D06C00D02308 /* Project object */ = {
			isa = PBXProject;
			attributes = {
				BuildIndependentTargetsInParallel = 1;
				LastSwiftUpdateCheck = 1430;
				LastUpgradeCheck = 1430;
				TargetAttributes = {
					180454182A51D06C00D02308 = {
						CreatedOnToolsVersion = 14.3;
					};
				};
			};
			buildConfigurationList = 180454142A51D06C00D02308 /* Build configuration list for PBXProject "myADD" */;
			compatibilityVersion = "Xcode 14.0";
			developmentRegion = en;
			hasScannedForEncodings = 0;
			knownRegions = (
				en,
				Base,
			);
			mainGroup = 180454102A51D06C00D02308;
			productRefGroup = 1804541A2A51D06C00D02308 /* Products */;
			projectDirPath = "";
			projectRoot = "";
			targets = (
				180454182A51D06C00D02308 /* myADD */,
			);
		};
/* End PBXProject section */

/* Begin PBXResourcesBuildPhase section */
		180454172A51D06C00D02308 /* Resources */ = {
			isa = PBXResourcesBuildPhase;
			buildActionMask = 2147483647;
			files = (
				1804542C2A51D06D00D02308 /* LaunchScreen.storyboard in Resources */,
				180454292A51D06D00D02308 /* Assets.xcassets in Resources */,
				180454242A51D06C00D02308 /* Main.storyboard in Resources */,
				180454362A51E1E700D02308 /* LoginPropertyList.plist in Resources */,
			);
			runOnlyForDeploymentPostprocessing = 0;
		};
/* End PBXResourcesBuildPhase section */

/* Begin PBXShellScriptBuildPhase section */
		63228E7B49FF650F9A05BC0B /* [CP] Check Pods Manifest.lock */ = {
			isa = PBXShellScriptBuildPhase;
			buildActionMask = 2147483647;
			files = (
			);
			inputFileListPaths = (
			);
			inputPaths = (
				"${PODS_PODFILE_DIR_PATH}/Podfile.lock",
				"${PODS_ROOT}/Manifest.lock",
			);
			name = "[CP] Check Pods Manifest.lock";
			outputFileListPaths = (
			);
			outputPaths = (
				"$(DERIVED_FILE_DIR)/Pods-myADD-checkManifestLockResult.txt",
			);
			runOnlyForDeploymentPostprocessing = 0;
			shellPath = /bin/sh;
			shellScript = "diff \"${PODS_PODFILE_DIR_PATH}/Podfile.lock\" \"${PODS_ROOT}/Manifest.lock\" > /dev/null\nif [ $? != 0 ] ; then\n    # print error to STDERR\n    echo \"error: The sandbox is not in sync with the Podfile.lock. Run 'pod install' or update your CocoaPods installation.\" >&2\n    exit 1\nfi\n# This output is used by Xcode 'outputs' to avoid re-running this script phase.\necho \"SUCCESS\" > \"${SCRIPT_OUTPUT_FILE_0}\"\n";
			showEnvVarsInLog = 0;
		};
		CFB7A2E5198BF84C5D2CDF73 /* [CP] Embed Pods Frameworks */ = {
			isa = PBXShellScriptBuildPhase;
			buildActionMask = 2147483647;
			files = (
			);
			inputFileListPaths = (
				"${PODS_ROOT}/Target Support Files/Pods-myADD/Pods-myADD-frameworks-${CONFIGURATION}-input-files.xcfilelist",
			);
			name = "[CP] Embed Pods Frameworks";
			outputFileListPaths = (
				"${PODS_ROOT}/Target Support Files/Pods-myADD/Pods-myADD-frameworks-${CONFIGURATION}-output-files.xcfilelist",
			);
			runOnlyForDeploymentPostprocessing = 0;
			shellPath = /bin/sh;
			shellScript = "\"${PODS_ROOT}/Target Support Files/Pods-myADD/Pods-myADD-frameworks.sh\"\n";
			showEnvVarsInLog = 0;
		};
/* End PBXShellScriptBuildPhase section */

/* Begin PBXSourcesBuildPhase section */
		180454152A51D06C00D02308 /* Sources */ = {
			isa = PBXSourcesBuildPhase;
			buildActionMask = 2147483647;
			files = (
				180454212A51D06C00D02308 /* ViewController.swift in Sources */,
				180454272A51D06C00D02308 /* myADD.xcdatamodeld in Sources */,
				180454382A5452F400D02308 /* myADDKEYBundle.swift in Sources */,
				1804541D2A51D06C00D02308 /* AppDelegate.swift in Sources */,
				1804541F2A51D06C00D02308 /* SceneDelegate.swift in Sources */,
			);
			runOnlyForDeploymentPostprocessing = 0;
		};
/* End PBXSourcesBuildPhase section */

/* Begin PBXVariantGroup section */
		180454222A51D06C00D02308 /* Main.storyboard */ = {
			isa = PBXVariantGroup;
			children = (
				180454232A51D06C00D02308 /* Base */,
			);
			name = Main.storyboard;
			sourceTree = "<group>";
		};
		1804542A2A51D06D00D02308 /* LaunchScreen.storyboard */ = {
			isa = PBXVariantGroup;
			children = (
				1804542B2A51D06D00D02308 /* Base */,
			);
			name = LaunchScreen.storyboard;
			sourceTree = "<group>";
		};
/* End PBXVariantGroup section */

/* Begin XCBuildConfiguration section */
		1804542E2A51D06D00D02308 /* Debug */ = {
			isa = XCBuildConfiguration;
			buildSettings = {
				ALWAYS_SEARCH_USER_PATHS = NO;
				CLANG_ANALYZER_NONNULL = YES;
				CLANG_ANALYZER_NUMBER_OBJECT_CONVERSION = YES_AGGRESSIVE;
				CLANG_CXX_LANGUAGE_STANDARD = "gnu++20";
				CLANG_ENABLE_MODULES = YES;
				CLANG_ENABLE_OBJC_ARC = YES;
				CLANG_ENABLE_OBJC_WEAK = YES;
				CLANG_WARN_BLOCK_CAPTURE_AUTORELEASING = YES;
				CLANG_WARN_BOOL_CONVERSION = YES;
				CLANG_WARN_COMMA = YES;
				CLANG_WARN_CONSTANT_CONVERSION = YES;
				CLANG_WARN_DEPRECATED_OBJC_IMPLEMENTATIONS = YES;
				CLANG_WARN_DIRECT_OBJC_ISA_USAGE = YES_ERROR;
				CLANG_WARN_DOCUMENTATION_COMMENTS = YES;
				CLANG_WARN_EMPTY_BODY = YES;
				CLANG_WARN_ENUM_CONVERSION = YES;
				CLANG_WARN_INFINITE_RECURSION = YES;
				CLANG_WARN_INT_CONVERSION = YES;
				CLANG_WARN_NON_LITERAL_NULL_CONVERSION = YES;
				CLANG_WARN_OBJC_IMPLICIT_RETAIN_SELF = YES;
				CLANG_WARN_OBJC_LITERAL_CONVERSION = YES;
				CLANG_WARN_OBJC_ROOT_CLASS = YES_ERROR;
				CLANG_WARN_QUOTED_INCLUDE_IN_FRAMEWORK_HEADER = YES;
				CLANG_WARN_RANGE_LOOP_ANALYSIS = YES;
				CLANG_WARN_STRICT_PROTOTYPES = YES;
				CLANG_WARN_SUSPICIOUS_MOVE = YES;
				CLANG_WARN_UNGUARDED_AVAILABILITY = YES_AGGRESSIVE;
				CLANG_WARN_UNREACHABLE_CODE = YES;
				CLANG_WARN__DUPLICATE_METHOD_MATCH = YES;
				COPY_PHASE_STRIP = NO;
				DEBUG_INFORMATION_FORMAT = dwarf;
				ENABLE_STRICT_OBJC_MSGSEND = YES;
				ENABLE_TESTABILITY = YES;
				GCC_C_LANGUAGE_STANDARD = gnu11;
				GCC_DYNAMIC_NO_PIC = NO;
				GCC_NO_COMMON_BLOCKS = YES;
				GCC_OPTIMIZATION_LEVEL = 0;
				GCC_PREPROCESSOR_DEFINITIONS = (
					"DEBUG=1",
					"$(inherited)",
				);
				GCC_WARN_64_TO_32_BIT_CONVERSION = YES;
				GCC_WARN_ABOUT_RETURN_TYPE = YES_ERROR;
				GCC_WARN_UNDECLARED_SELECTOR = YES;
				GCC_WARN_UNINITIALIZED_AUTOS = YES_AGGRESSIVE;
				GCC_WARN_UNUSED_FUNCTION = YES;
				GCC_WARN_UNUSED_VARIABLE = YES;
				IPHONEOS_DEPLOYMENT_TARGET = 16.4;
				MTL_ENABLE_DEBUG_INFO = INCLUDE_SOURCE;
				MTL_FAST_MATH = YES;
				ONLY_ACTIVE_ARCH = YES;
				SDKROOT = iphoneos;
				SWIFT_ACTIVE_COMPILATION_CONDITIONS = DEBUG;
				SWIFT_OPTIMIZATION_LEVEL = "-Onone";
			};
			name = Debug;
		};
		1804542F2A51D06D00D02308 /* Release */ = {
			isa = XCBuildConfiguration;
			buildSettings = {
				ALWAYS_SEARCH_USER_PATHS = NO;
				CLANG_ANALYZER_NONNULL = YES;
				CLANG_ANALYZER_NUMBER_OBJECT_CONVERSION = YES_AGGRESSIVE;
				CLANG_CXX_LANGUAGE_STANDARD = "gnu++20";
				CLANG_ENABLE_MODULES = YES;
				CLANG_ENABLE_OBJC_ARC = YES;
				CLANG_ENABLE_OBJC_WEAK = YES;
				CLANG_WARN_BLOCK_CAPTURE_AUTORELEASING = YES;
				CLANG_WARN_BOOL_CONVERSION = YES;
				CLANG_WARN_COMMA = YES;
				CLANG_WARN_CONSTANT_CONVERSION = YES;
				CLANG_WARN_DEPRECATED_OBJC_IMPLEMENTATIONS = YES;
				CLANG_WARN_DIRECT_OBJC_ISA_USAGE = YES_ERROR;
				CLANG_WARN_DOCUMENTATION_COMMENTS = YES;
				CLANG_WARN_EMPTY_BODY = YES;
				CLANG_WARN_ENUM_CONVERSION = YES;
				CLANG_WARN_INFINITE_RECURSION = YES;
				CLANG_WARN_INT_CONVERSION = YES;
				CLANG_WARN_NON_LITERAL_NULL_CONVERSION = YES;
				CLANG_WARN_OBJC_IMPLICIT_RETAIN_SELF = YES;
				CLANG_WARN_OBJC_LITERAL_CONVERSION = YES;
				CLANG_WARN_OBJC_ROOT_CLASS = YES_ERROR;
				CLANG_WARN_QUOTED_INCLUDE_IN_FRAMEWORK_HEADER = YES;
				CLANG_WARN_RANGE_LOOP_ANALYSIS = YES;
				CLANG_WARN_STRICT_PROTOTYPES = YES;
				CLANG_WARN_SUSPICIOUS_MOVE = YES;
				CLANG_WARN_UNGUARDED_AVAILABILITY = YES_AGGRESSIVE;
				CLANG_WARN_UNREACHABLE_CODE = YES;
				CLANG_WARN__DUPLICATE_METHOD_MATCH = YES;
				COPY_PHASE_STRIP = NO;
				DEBUG_INFORMATION_FORMAT = "dwarf-with-dsym";
				ENABLE_NS_ASSERTIONS = NO;
				ENABLE_STRICT_OBJC_MSGSEND = YES;
				GCC_C_LANGUAGE_STANDARD = gnu11;
				GCC_NO_COMMON_BLOCKS = YES;
				GCC_WARN_64_TO_32_BIT_CONVERSION = YES;
				GCC_WARN_ABOUT_RETURN_TYPE = YES_ERROR;
				GCC_WARN_UNDECLARED_SELECTOR = YES;
				GCC_WARN_UNINITIALIZED_AUTOS = YES_AGGRESSIVE;
				GCC_WARN_UNUSED_FUNCTION = YES;
				GCC_WARN_UNUSED_VARIABLE = YES;
				IPHONEOS_DEPLOYMENT_TARGET = 16.4;
				MTL_ENABLE_DEBUG_INFO = NO;
				MTL_FAST_MATH = YES;
				SDKROOT = iphoneos;
				SWIFT_COMPILATION_MODE = wholemodule;
				SWIFT_OPTIMIZATION_LEVEL = "-O";
				VALIDATE_PRODUCT = YES;
			};
			name = Release;
		};
		180454312A51D06D00D02308 /* Debug */ = {
			isa = XCBuildConfiguration;
			baseConfigurationReference = 4E9FCC9790A9D7C39B09E572 /* Pods-myADD.debug.xcconfig */;
			buildSettings = {
				ASSETCATALOG_COMPILER_APPICON_NAME = AppIcon;
				ASSETCATALOG_COMPILER_GLOBAL_ACCENT_COLOR_NAME = AccentColor;
				CODE_SIGN_STYLE = Automatic;
				CURRENT_PROJECT_VERSION = 1;
				GENERATE_INFOPLIST_FILE = YES;
				INFOPLIST_FILE = myADD/Info.plist;
				INFOPLIST_KEY_UIApplicationSupportsIndirectInputEvents = YES;
				INFOPLIST_KEY_UILaunchStoryboardName = LaunchScreen;
				INFOPLIST_KEY_UIMainStoryboardFile = Main;
				INFOPLIST_KEY_UISupportedInterfaceOrientations_iPad = "UIInterfaceOrientationPortrait UIInterfaceOrientationPortraitUpsideDown UIInterfaceOrientationLandscapeLeft UIInterfaceOrientationLandscapeRight";
				INFOPLIST_KEY_UISupportedInterfaceOrientations_iPhone = "UIInterfaceOrientationPortrait UIInterfaceOrientationLandscapeLeft UIInterfaceOrientationLandscapeRight";
				LD_RUNPATH_SEARCH_PATHS = (
					"$(inherited)",
					"@executable_path/Frameworks",
				);
				MARKETING_VERSION = 1.0;
				PRODUCT_BUNDLE_IDENTIFIER = myADD.myADD;
				PRODUCT_NAME = "$(TARGET_NAME)";
				SWIFT_EMIT_LOC_STRINGS = YES;
				SWIFT_VERSION = 5.0;
				TARGETED_DEVICE_FAMILY = "1,2";
			};
			name = Debug;
		};
		180454322A51D06D00D02308 /* Release */ = {
			isa = XCBuildConfiguration;
			baseConfigurationReference = D120F8CE219FB2A1584AE21B /* Pods-myADD.release.xcconfig */;
			buildSettings = {
				ASSETCATALOG_COMPILER_APPICON_NAME = AppIcon;
				ASSETCATALOG_COMPILER_GLOBAL_ACCENT_COLOR_NAME = AccentColor;
				CODE_SIGN_STYLE = Automatic;
				CURRENT_PROJECT_VERSION = 1;
				GENERATE_INFOPLIST_FILE = YES;
				INFOPLIST_FILE = myADD/Info.plist;
				INFOPLIST_KEY_UIApplicationSupportsIndirectInputEvents = YES;
				INFOPLIST_KEY_UILaunchStoryboardName = LaunchScreen;
				INFOPLIST_KEY_UIMainStoryboardFile = Main;
				INFOPLIST_KEY_UISupportedInterfaceOrientations_iPad = "UIInterfaceOrientationPortrait UIInterfaceOrientationPortraitUpsideDown UIInterfaceOrientationLandscapeLeft UIInterfaceOrientationLandscapeRight";
				INFOPLIST_KEY_UISupportedInterfaceOrientations_iPhone = "UIInterfaceOrientationPortrait UIInterfaceOrientationLandscapeLeft UIInterfaceOrientationLandscapeRight";
				LD_RUNPATH_SEARCH_PATHS = (
					"$(inherited)",
					"@executable_path/Frameworks",
				);
				MARKETING_VERSION = 1.0;
				PRODUCT_BUNDLE_IDENTIFIER = myADD.myADD;
				PRODUCT_NAME = "$(TARGET_NAME)";
				SWIFT_EMIT_LOC_STRINGS = YES;
				SWIFT_VERSION = 5.0;
				TARGETED_DEVICE_FAMILY = "1,2";
			};
			name = Release;
		};
/* End XCBuildConfiguration section */

/* Begin XCConfigurationList section */
		180454142A51D06C00D02308 /* Build configuration list for PBXProject "myADD" */ = {
			isa = XCConfigurationList;
			buildConfigurations = (
				1804542E2A51D06D00D02308 /* Debug */,
				1804542F2A51D06D00D02308 /* Release */,
			);
			defaultConfigurationIsVisible = 0;
			defaultConfigurationName = Release;
		};
		180454302A51D06D00D02308 /* Build configuration list for PBXNativeTarget "myADD" */ = {
			isa = XCConfigurationList;
			buildConfigurations = (
				180454312A51D06D00D02308 /* Debug */,
				180454322A51D06D00D02308 /* Release */,
			);
			defaultConfigurationIsVisible = 0;
			defaultConfigurationName = Release;
		};
/* End XCConfigurationList section */

/* Begin XCVersionGroup section */
		180454252A51D06C00D02308 /* myADD.xcdatamodeld */ = {
			isa = XCVersionGroup;
			children = (
				180454262A51D06C00D02308 /* myADD.xcdatamodel */,
			);
			currentVersion = 180454262A51D06C00D02308 /* myADD.xcdatamodel */;
			path = myADD.xcdatamodeld;
			sourceTree = "<group>";
			versionGroupType = wrapper.xcdatamodel;
		};
/* End XCVersionGroup section */
	};
	rootObject = 180454112A51D06C00D02308 /* Project object */;
}
