// !$*UTF8*$!
{
	archiveVersion = 1;
	classes = {
	};
	objectVersion = 56;
	objects = {

/* Begin PBXBuildFile section */
		1804541D2A51D06C00D02308 /* AppDelegate.swift in Sources */ = {isa = PBXBuildFile; fileRef = 1804541C2A51D06C00D02308 /* AppDelegate.swift */; };
		1804541F2A51D06C00D02308 /* SceneDelegate.swift in Sources */ = {isa = PBXBuildFile; fileRef = 1804541E2A51D06C00D02308 /* SceneDelegate.swift */; };
		180454212A51D06C00D02308 /* ViewController.swift in Sources */ = {isa = PBXBuildFile; fileRef = 180454202A51D06C00D02308 /* ViewController.swift */; };
		180454242A51D06C00D02308 /* Main.storyboard in Resources */ = {isa = PBXBuildFile; fileRef = 180454222A51D06C00D02308 /* Main.storyboard */; };
		180454272A51D06C00D02308 /* myADD.xcdatamodeld in Sources */ = {isa = PBXBuildFile; fileRef = 180454252A51D06C00D02308 /* myADD.xcdatamodeld */; };
		180454292A51D06D00D02308 /* Assets.xcassets in Resources */ = {isa = PBXBuildFile; fileRef = 180454282A51D06D00D02308 /* Assets.xcassets */; };
		1804542C2A51D06D00D02308 /* LaunchScreen.storyboard in Resources */ = {isa = PBXBuildFile; fileRef = 1804542A2A51D06D00D02308 /* LaunchScreen.storyboard */; };
		1804543B2A56B71600D02308 /* LoginViewController.swift in Sources */ = {isa = PBXBuildFile; fileRef = 1804543A2A56B71600D02308 /* LoginViewController.swift */; };
		18F076502A7D2EB1005234CC /* GoogleService-Info.plist in Resources */ = {isa = PBXBuildFile; fileRef = 18F0764F2A7D2EB1005234CC /* GoogleService-Info.plist */; };
		18F0768A2A7FC28A005234CC /* EmojiPicker in Frameworks */ = {isa = PBXBuildFile; productRef = 18F076892A7FC28A005234CC /* EmojiPicker */; };
		18F076E92A7FE793005234CC /* ImagePicker.swift in Sources */ = {isa = PBXBuildFile; fileRef = 18F076E82A7FE793005234CC /* ImagePicker.swift */; };
		18F076EB2A7FE7AD005234CC /* EmojiPicker.swift in Sources */ = {isa = PBXBuildFile; fileRef = 18F076EA2A7FE7AD005234CC /* EmojiPicker.swift */; };
		18F076ED2A7FE7BD005234CC /* HideKeyboard.swift in Sources */ = {isa = PBXBuildFile; fileRef = 18F076EC2A7FE7BD005234CC /* HideKeyboard.swift */; };
		18F076EF2A7FE839005234CC /* CardDataModel.swift in Sources */ = {isa = PBXBuildFile; fileRef = 18F076EE2A7FE839005234CC /* CardDataModel.swift */; };
		18F076F12A7FE848005234CC /* CardViewModel.swift in Sources */ = {isa = PBXBuildFile; fileRef = 18F076F02A7FE848005234CC /* CardViewModel.swift */; };
		18F076F52A7FE91F005234CC /* MainView.swift in Sources */ = {isa = PBXBuildFile; fileRef = 18F076F42A7FE91F005234CC /* MainView.swift */; };
		18F076F92A7FE9FC005234CC /* FlippableCardView.swift in Sources */ = {isa = PBXBuildFile; fileRef = 18F076F82A7FE9FC005234CC /* FlippableCardView.swift */; };
		18F076FD2A7FEA5D005234CC /* CardFrontView.swift in Sources */ = {isa = PBXBuildFile; fileRef = 18F076FC2A7FEA5D005234CC /* CardFrontView.swift */; };
		18F076FF2A7FEAE3005234CC /* CardBackView.swift in Sources */ = {isa = PBXBuildFile; fileRef = 18F076FE2A7FEAE3005234CC /* CardBackView.swift */; };
		18F077012A7FEB5C005234CC /* GridLayoutView.swift in Sources */ = {isa = PBXBuildFile; fileRef = 18F077002A7FEB5C005234CC /* GridLayoutView.swift */; };
		18F077032A7FEB7C005234CC /* GridItemView.swift in Sources */ = {isa = PBXBuildFile; fileRef = 18F077022A7FEB7C005234CC /* GridItemView.swift */; };
		18F077052A7FEBBF005234CC /* EditCardView.swift in Sources */ = {isa = PBXBuildFile; fileRef = 18F077042A7FEBBF005234CC /* EditCardView.swift */; };
		18F077072A7FEBCF005234CC /* AddCardView.swift in Sources */ = {isa = PBXBuildFile; fileRef = 18F077062A7FEBCF005234CC /* AddCardView.swift */; };
		18F077092A7FEC5B005234CC /* AddCardFrontView.swift in Sources */ = {isa = PBXBuildFile; fileRef = 18F077082A7FEC5B005234CC /* AddCardFrontView.swift */; };
		18F0770B2A7FEC68005234CC /* AddCardBackView.swift in Sources */ = {isa = PBXBuildFile; fileRef = 18F0770A2A7FEC68005234CC /* AddCardBackView.swift */; };
		18F0770D2A7FEC7C005234CC /* MemoInputView.swift in Sources */ = {isa = PBXBuildFile; fileRef = 18F0770C2A7FEC7C005234CC /* MemoInputView.swift */; };
		18F077152A815A7E005234CC /* LoginService.swift in Sources */ = {isa = PBXBuildFile; fileRef = 18F077142A815A7E005234CC /* LoginService.swift */; };
		18F077172A81625A005234CC /* LoginDataModel.swift in Sources */ = {isa = PBXBuildFile; fileRef = 18F077162A81625A005234CC /* LoginDataModel.swift */; };
		18F077192A81637D005234CC /* NetworkResult.swift in Sources */ = {isa = PBXBuildFile; fileRef = 18F077182A81637D005234CC /* NetworkResult.swift */; };
		18F0771B2A81692D005234CC /* APIConstants.swift in Sources */ = {isa = PBXBuildFile; fileRef = 18F0771A2A81692D005234CC /* APIConstants.swift */; };
		18F077462A950111005234CC /* APIClient.swift in Sources */ = {isa = PBXBuildFile; fileRef = 18F077452A950111005234CC /* APIClient.swift */; };
		18F077482A95012C005234CC /* APIEndpoint.swift in Sources */ = {isa = PBXBuildFile; fileRef = 18F077472A95012C005234CC /* APIEndpoint.swift */; };
		18F0774A2A950143005234CC /* CardFlipViewModel.swift in Sources */ = {isa = PBXBuildFile; fileRef = 18F077492A950143005234CC /* CardFlipViewModel.swift */; };
		18F0774D2A950189005234CC /* CalendarCardView.swift in Sources */ = {isa = PBXBuildFile; fileRef = 18F0774C2A950189005234CC /* CalendarCardView.swift */; };
		18F0774F2A9501A8005234CC /* CalendarView.swift in Sources */ = {isa = PBXBuildFile; fileRef = 18F0774E2A9501A8005234CC /* CalendarView.swift */; };
		18F077512A9501BA005234CC /* ContentView.swift in Sources */ = {isa = PBXBuildFile; fileRef = 18F077502A9501BA005234CC /* ContentView.swift */; };
		18F077542A950251005234CC /* ToggleViewSelector.swift in Sources */ = {isa = PBXBuildFile; fileRef = 18F077532A950251005234CC /* ToggleViewSelector.swift */; };
		18F077562A95025D005234CC /* TopBarView.swift in Sources */ = {isa = PBXBuildFile; fileRef = 18F077552A95025D005234CC /* TopBarView.swift */; };
		18F077582A95027E005234CC /* StoryboardMyPageView.swift in Sources */ = {isa = PBXBuildFile; fileRef = 18F077572A95027E005234CC /* StoryboardMyPageView.swift */; };
		18F0775B2A950957005234CC /* FSCalendar in Frameworks */ = {isa = PBXBuildFile; productRef = 18F0775A2A950957005234CC /* FSCalendar */; };
		18F0775E2A950978005234CC /* SDWebImageSwiftUI in Frameworks */ = {isa = PBXBuildFile; productRef = 18F0775D2A950978005234CC /* SDWebImageSwiftUI */; };
		18F077612A95099B005234CC /* SwiftUIPager in Frameworks */ = {isa = PBXBuildFile; productRef = 18F077602A95099B005234CC /* SwiftUIPager */; };
		2EA27BDC5CC5C5EB8E8152CA /* Pods_myADD.framework in Frameworks */ = {isa = PBXBuildFile; fileRef = FC78431A1F07D286CB8A48D1 /* Pods_myADD.framework */; };
/* End PBXBuildFile section */

/* Begin PBXFileReference section */
		180454192A51D06C00D02308 /* myADD.app */ = {isa = PBXFileReference; explicitFileType = wrapper.application; includeInIndex = 0; path = myADD.app; sourceTree = BUILT_PRODUCTS_DIR; };
		1804541C2A51D06C00D02308 /* AppDelegate.swift */ = {isa = PBXFileReference; lastKnownFileType = sourcecode.swift; path = AppDelegate.swift; sourceTree = "<group>"; };
		1804541E2A51D06C00D02308 /* SceneDelegate.swift */ = {isa = PBXFileReference; lastKnownFileType = sourcecode.swift; path = SceneDelegate.swift; sourceTree = "<group>"; };
		180454202A51D06C00D02308 /* ViewController.swift */ = {isa = PBXFileReference; lastKnownFileType = sourcecode.swift; path = ViewController.swift; sourceTree = "<group>"; };
		180454232A51D06C00D02308 /* Base */ = {isa = PBXFileReference; lastKnownFileType = file.storyboard; name = Base; path = Base.lproj/Main.storyboard; sourceTree = "<group>"; };
		180454262A51D06C00D02308 /* myADD.xcdatamodel */ = {isa = PBXFileReference; lastKnownFileType = wrapper.xcdatamodel; path = myADD.xcdatamodel; sourceTree = "<group>"; };
		180454282A51D06D00D02308 /* Assets.xcassets */ = {isa = PBXFileReference; lastKnownFileType = folder.assetcatalog; path = Assets.xcassets; sourceTree = "<group>"; };
		1804542B2A51D06D00D02308 /* Base */ = {isa = PBXFileReference; lastKnownFileType = file.storyboard; name = Base; path = Base.lproj/LaunchScreen.storyboard; sourceTree = "<group>"; };
		1804542D2A51D06D00D02308 /* Info.plist */ = {isa = PBXFileReference; lastKnownFileType = text.plist.xml; path = Info.plist; sourceTree = "<group>"; };
		180454392A5695B800D02308 /* LoginConfig.xcconfig */ = {isa = PBXFileReference; lastKnownFileType = text.xcconfig; path = LoginConfig.xcconfig; sourceTree = "<group>"; };
		1804543A2A56B71600D02308 /* LoginViewController.swift */ = {isa = PBXFileReference; lastKnownFileType = sourcecode.swift; path = LoginViewController.swift; sourceTree = "<group>"; };
		18F0764F2A7D2EB1005234CC /* GoogleService-Info.plist */ = {isa = PBXFileReference; fileEncoding = 4; lastKnownFileType = text.plist.xml; name = "GoogleService-Info.plist"; path = "../../myADDAssets/0804googleplist/GoogleService-Info.plist"; sourceTree = "<group>"; };
		18F076E82A7FE793005234CC /* ImagePicker.swift */ = {isa = PBXFileReference; lastKnownFileType = sourcecode.swift; path = ImagePicker.swift; sourceTree = "<group>"; };
		18F076EA2A7FE7AD005234CC /* EmojiPicker.swift */ = {isa = PBXFileReference; lastKnownFileType = sourcecode.swift; path = EmojiPicker.swift; sourceTree = "<group>"; };
		18F076EC2A7FE7BD005234CC /* HideKeyboard.swift */ = {isa = PBXFileReference; lastKnownFileType = sourcecode.swift; path = HideKeyboard.swift; sourceTree = "<group>"; };
		18F076EE2A7FE839005234CC /* CardDataModel.swift */ = {isa = PBXFileReference; lastKnownFileType = sourcecode.swift; path = CardDataModel.swift; sourceTree = "<group>"; };
		18F076F02A7FE848005234CC /* CardViewModel.swift */ = {isa = PBXFileReference; lastKnownFileType = sourcecode.swift; path = CardViewModel.swift; sourceTree = "<group>"; };
		18F076F42A7FE91F005234CC /* MainView.swift */ = {isa = PBXFileReference; lastKnownFileType = sourcecode.swift; path = MainView.swift; sourceTree = "<group>"; };
		18F076F82A7FE9FC005234CC /* FlippableCardView.swift */ = {isa = PBXFileReference; lastKnownFileType = sourcecode.swift; path = FlippableCardView.swift; sourceTree = "<group>"; };
		18F076FC2A7FEA5D005234CC /* CardFrontView.swift */ = {isa = PBXFileReference; lastKnownFileType = sourcecode.swift; path = CardFrontView.swift; sourceTree = "<group>"; };
		18F076FE2A7FEAE3005234CC /* CardBackView.swift */ = {isa = PBXFileReference; lastKnownFileType = sourcecode.swift; path = CardBackView.swift; sourceTree = "<group>"; };
		18F077002A7FEB5C005234CC /* GridLayoutView.swift */ = {isa = PBXFileReference; lastKnownFileType = sourcecode.swift; path = GridLayoutView.swift; sourceTree = "<group>"; };
		18F077022A7FEB7C005234CC /* GridItemView.swift */ = {isa = PBXFileReference; lastKnownFileType = sourcecode.swift; path = GridItemView.swift; sourceTree = "<group>"; };
		18F077042A7FEBBF005234CC /* EditCardView.swift */ = {isa = PBXFileReference; lastKnownFileType = sourcecode.swift; path = EditCardView.swift; sourceTree = "<group>"; };
		18F077062A7FEBCF005234CC /* AddCardView.swift */ = {isa = PBXFileReference; lastKnownFileType = sourcecode.swift; path = AddCardView.swift; sourceTree = "<group>"; };
		18F077082A7FEC5B005234CC /* AddCardFrontView.swift */ = {isa = PBXFileReference; lastKnownFileType = sourcecode.swift; path = AddCardFrontView.swift; sourceTree = "<group>"; };
		18F0770A2A7FEC68005234CC /* AddCardBackView.swift */ = {isa = PBXFileReference; lastKnownFileType = sourcecode.swift; path = AddCardBackView.swift; sourceTree = "<group>"; };
		18F0770C2A7FEC7C005234CC /* MemoInputView.swift */ = {isa = PBXFileReference; lastKnownFileType = sourcecode.swift; path = MemoInputView.swift; sourceTree = "<group>"; };
		18F077142A815A7E005234CC /* LoginService.swift */ = {isa = PBXFileReference; lastKnownFileType = sourcecode.swift; path = LoginService.swift; sourceTree = "<group>"; };
		18F077162A81625A005234CC /* LoginDataModel.swift */ = {isa = PBXFileReference; lastKnownFileType = sourcecode.swift; path = LoginDataModel.swift; sourceTree = "<group>"; };
		18F077182A81637D005234CC /* NetworkResult.swift */ = {isa = PBXFileReference; lastKnownFileType = sourcecode.swift; path = NetworkResult.swift; sourceTree = "<group>"; };
		18F0771A2A81692D005234CC /* APIConstants.swift */ = {isa = PBXFileReference; lastKnownFileType = sourcecode.swift; path = APIConstants.swift; sourceTree = "<group>"; };
		18F077452A950111005234CC /* APIClient.swift */ = {isa = PBXFileReference; lastKnownFileType = sourcecode.swift; path = APIClient.swift; sourceTree = "<group>"; };
		18F077472A95012C005234CC /* APIEndpoint.swift */ = {isa = PBXFileReference; lastKnownFileType = sourcecode.swift; path = APIEndpoint.swift; sourceTree = "<group>"; };
		18F077492A950143005234CC /* CardFlipViewModel.swift */ = {isa = PBXFileReference; lastKnownFileType = sourcecode.swift; path = CardFlipViewModel.swift; sourceTree = "<group>"; };
		18F0774C2A950189005234CC /* CalendarCardView.swift */ = {isa = PBXFileReference; lastKnownFileType = sourcecode.swift; path = CalendarCardView.swift; sourceTree = "<group>"; };
		18F0774E2A9501A8005234CC /* CalendarView.swift */ = {isa = PBXFileReference; lastKnownFileType = sourcecode.swift; path = CalendarView.swift; sourceTree = "<group>"; };
		18F077502A9501BA005234CC /* ContentView.swift */ = {isa = PBXFileReference; lastKnownFileType = sourcecode.swift; path = ContentView.swift; sourceTree = "<group>"; };
		18F077532A950251005234CC /* ToggleViewSelector.swift */ = {isa = PBXFileReference; lastKnownFileType = sourcecode.swift; path = ToggleViewSelector.swift; sourceTree = "<group>"; };
		18F077552A95025D005234CC /* TopBarView.swift */ = {isa = PBXFileReference; lastKnownFileType = sourcecode.swift; path = TopBarView.swift; sourceTree = "<group>"; };
		18F077572A95027E005234CC /* StoryboardMyPageView.swift */ = {isa = PBXFileReference; lastKnownFileType = sourcecode.swift; path = StoryboardMyPageView.swift; sourceTree = "<group>"; };
		4E9FCC9790A9D7C39B09E572 /* Pods-myADD.debug.xcconfig */ = {isa = PBXFileReference; includeInIndex = 1; lastKnownFileType = text.xcconfig; name = "Pods-myADD.debug.xcconfig"; path = "Target Support Files/Pods-myADD/Pods-myADD.debug.xcconfig"; sourceTree = "<group>"; };
		D120F8CE219FB2A1584AE21B /* Pods-myADD.release.xcconfig */ = {isa = PBXFileReference; includeInIndex = 1; lastKnownFileType = text.xcconfig; name = "Pods-myADD.release.xcconfig"; path = "Target Support Files/Pods-myADD/Pods-myADD.release.xcconfig"; sourceTree = "<group>"; };
		FC78431A1F07D286CB8A48D1 /* Pods_myADD.framework */ = {isa = PBXFileReference; explicitFileType = wrapper.framework; includeInIndex = 0; path = Pods_myADD.framework; sourceTree = BUILT_PRODUCTS_DIR; };
/* End PBXFileReference section */

/* Begin PBXFrameworksBuildPhase section */
		180454162A51D06C00D02308 /* Frameworks */ = {
			isa = PBXFrameworksBuildPhase;
			buildActionMask = 2147483647;
			files = (
				18F0775E2A950978005234CC /* SDWebImageSwiftUI in Frameworks */,
				2EA27BDC5CC5C5EB8E8152CA /* Pods_myADD.framework in Frameworks */,
				18F077612A95099B005234CC /* SwiftUIPager in Frameworks */,
				18F0775B2A950957005234CC /* FSCalendar in Frameworks */,
				18F0768A2A7FC28A005234CC /* EmojiPicker in Frameworks */,
			);
			runOnlyForDeploymentPostprocessing = 0;
		};
/* End PBXFrameworksBuildPhase section */

/* Begin PBXGroup section */
		146DFC4DF65799D9D60C25F3 /* Frameworks */ = {
			isa = PBXGroup;
			children = (
				FC78431A1F07D286CB8A48D1 /* Pods_myADD.framework */,
			);
			name = Frameworks;
			sourceTree = "<group>";
		};
		180454102A51D06C00D02308 = {
			isa = PBXGroup;
			children = (
				1804541B2A51D06C00D02308 /* myADD */,
				1804541A2A51D06C00D02308 /* Products */,
				9C5341E42ECF0376392FED9F /* Pods */,
				146DFC4DF65799D9D60C25F3 /* Frameworks */,
			);
			sourceTree = "<group>";
		};
		1804541A2A51D06C00D02308 /* Products */ = {
			isa = PBXGroup;
			children = (
				180454192A51D06C00D02308 /* myADD.app */,
			);
			name = Products;
			sourceTree = "<group>";
		};
		1804541B2A51D06C00D02308 /* myADD */ = {
			isa = PBXGroup;
			children = (
				1804541C2A51D06C00D02308 /* AppDelegate.swift */,
				1804541E2A51D06C00D02308 /* SceneDelegate.swift */,
				180454202A51D06C00D02308 /* ViewController.swift */,
				18F077642A950BAB005234CC /* Login */,
				180454222A51D06C00D02308 /* Main.storyboard */,
				18F076E12A7FE688005234CC /* View */,
				18F076E62A7FE724005234CC /* Model */,
				18F076E72A7FE765005234CC /* Extension */,
				180454282A51D06D00D02308 /* Assets.xcassets */,
				1804542A2A51D06D00D02308 /* LaunchScreen.storyboard */,
				1804542D2A51D06D00D02308 /* Info.plist */,
				180454252A51D06C00D02308 /* myADD.xcdatamodeld */,
				180454392A5695B800D02308 /* LoginConfig.xcconfig */,
				18F0764F2A7D2EB1005234CC /* GoogleService-Info.plist */,
			);
			path = myADD;
			sourceTree = "<group>";
		};
		18F076E12A7FE688005234CC /* View */ = {
			isa = PBXGroup;
			children = (
				18F077522A9501DE005234CC /* Main */,
				18F0774B2A95015D005234CC /* Calendar */,
				18F076E22A7FE6C4005234CC /* Card */,
				18F076E32A7FE6E5005234CC /* GridLayout */,
				18F076E42A7FE6FB005234CC /* AddCard */,
			);
			path = View;
			sourceTree = "<group>";
		};
		18F076E22A7FE6C4005234CC /* Card */ = {
			isa = PBXGroup;
			children = (
				18F076F82A7FE9FC005234CC /* FlippableCardView.swift */,
				18F076FC2A7FEA5D005234CC /* CardFrontView.swift */,
				18F076FE2A7FEAE3005234CC /* CardBackView.swift */,
			);
			path = Card;
			sourceTree = "<group>";
		};
		18F076E32A7FE6E5005234CC /* GridLayout */ = {
			isa = PBXGroup;
			children = (
				18F077002A7FEB5C005234CC /* GridLayoutView.swift */,
				18F077022A7FEB7C005234CC /* GridItemView.swift */,
			);
			path = GridLayout;
			sourceTree = "<group>";
		};
		18F076E42A7FE6FB005234CC /* AddCard */ = {
			isa = PBXGroup;
			children = (
				18F077042A7FEBBF005234CC /* EditCardView.swift */,
				18F077062A7FEBCF005234CC /* AddCardView.swift */,
				18F077082A7FEC5B005234CC /* AddCardFrontView.swift */,
				18F0770A2A7FEC68005234CC /* AddCardBackView.swift */,
				18F0770C2A7FEC7C005234CC /* MemoInputView.swift */,
			);
			path = AddCard;
			sourceTree = "<group>";
		};
		18F076E62A7FE724005234CC /* Model */ = {
			isa = PBXGroup;
			children = (
				18F076EE2A7FE839005234CC /* CardDataModel.swift */,
				18F076F02A7FE848005234CC /* CardViewModel.swift */,
				18F077452A950111005234CC /* APIClient.swift */,
				18F077472A95012C005234CC /* APIEndpoint.swift */,
				18F077492A950143005234CC /* CardFlipViewModel.swift */,
			);
			path = Model;
			sourceTree = "<group>";
		};
		18F076E72A7FE765005234CC /* Extension */ = {
			isa = PBXGroup;
			children = (
				18F076E82A7FE793005234CC /* ImagePicker.swift */,
				18F076EA2A7FE7AD005234CC /* EmojiPicker.swift */,
				18F076EC2A7FE7BD005234CC /* HideKeyboard.swift */,
			);
			path = Extension;
			sourceTree = "<group>";
		};
		18F0774B2A95015D005234CC /* Calendar */ = {
			isa = PBXGroup;
			children = (
				18F0774C2A950189005234CC /* CalendarCardView.swift */,
				18F0774E2A9501A8005234CC /* CalendarView.swift */,
				18F077502A9501BA005234CC /* ContentView.swift */,
			);
			path = Calendar;
			sourceTree = "<group>";
		};
		18F077522A9501DE005234CC /* Main */ = {
			isa = PBXGroup;
			children = (
				18F076F42A7FE91F005234CC /* MainView.swift */,
				18F077532A950251005234CC /* ToggleViewSelector.swift */,
				18F077552A95025D005234CC /* TopBarView.swift */,
				18F077572A95027E005234CC /* StoryboardMyPageView.swift */,
			);
			path = Main;
			sourceTree = "<group>";
		};
		18F077642A950BAB005234CC /* Login */ = {
			isa = PBXGroup;
			children = (
				18F077162A81625A005234CC /* LoginDataModel.swift */,
				1804543A2A56B71600D02308 /* LoginViewController.swift */,
				18F077142A815A7E005234CC /* LoginService.swift */,
				18F0771A2A81692D005234CC /* APIConstants.swift */,
				18F077182A81637D005234CC /* NetworkResult.swift */,
			);
			path = Login;
			sourceTree = "<group>";
		};
		9C5341E42ECF0376392FED9F /* Pods */ = {
			isa = PBXGroup;
			children = (
				4E9FCC9790A9D7C39B09E572 /* Pods-myADD.debug.xcconfig */,
				D120F8CE219FB2A1584AE21B /* Pods-myADD.release.xcconfig */,
			);
			path = Pods;
			sourceTree = "<group>";
		};
/* End PBXGroup section */

/* Begin PBXNativeTarget section */
		180454182A51D06C00D02308 /* myADD */ = {
			isa = PBXNativeTarget;
			buildConfigurationList = 180454302A51D06D00D02308 /* Build configuration list for PBXNativeTarget "myADD" */;
			buildPhases = (
				63228E7B49FF650F9A05BC0B /* [CP] Check Pods Manifest.lock */,
				180454152A51D06C00D02308 /* Sources */,
				180454162A51D06C00D02308 /* Frameworks */,
				180454172A51D06C00D02308 /* Resources */,
				CFB7A2E5198BF84C5D2CDF73 /* [CP] Embed Pods Frameworks */,
			);
			buildRules = (
			);
			dependencies = (
			);
			name = myADD;
			packageProductDependencies = (
				18F076892A7FC28A005234CC /* EmojiPicker */,
				18F0775A2A950957005234CC /* FSCalendar */,
				18F0775D2A950978005234CC /* SDWebImageSwiftUI */,
				18F077602A95099B005234CC /* SwiftUIPager */,
			);
			productName = myADD;
			productReference = 180454192A51D06C00D02308 /* myADD.app */;
			productType = "com.apple.product-type.application";
		};
/* End PBXNativeTarget section */

/* Begin PBXProject section */
		180454112A51D06C00D02308 /* Project object */ = {
			isa = PBXProject;
			attributes = {
				BuildIndependentTargetsInParallel = 1;
				LastSwiftUpdateCheck = 1430;
				LastUpgradeCheck = 1430;
				TargetAttributes = {
					180454182A51D06C00D02308 = {
						CreatedOnToolsVersion = 14.3;
					};
				};
			};
			buildConfigurationList = 180454142A51D06C00D02308 /* Build configuration list for PBXProject "myADD" */;
			compatibilityVersion = "Xcode 14.0";
			developmentRegion = en;
			hasScannedForEncodings = 0;
			knownRegions = (
				en,
				Base,
			);
			mainGroup = 180454102A51D06C00D02308;
			packageReferences = (
				18F076882A7FC28A005234CC /* XCRemoteSwiftPackageReference "EmojiPicker" */,
				18F077592A950957005234CC /* XCRemoteSwiftPackageReference "FSCalendar" */,
				18F0775C2A950978005234CC /* XCRemoteSwiftPackageReference "SDWebImageSwiftUI" */,
				18F0775F2A95099B005234CC /* XCRemoteSwiftPackageReference "SwiftUIPager" */,
			);
			productRefGroup = 1804541A2A51D06C00D02308 /* Products */;
			projectDirPath = "";
			projectRoot = "";
			targets = (
				180454182A51D06C00D02308 /* myADD */,
			);
		};
/* End PBXProject section */

/* Begin PBXResourcesBuildPhase section */
		180454172A51D06C00D02308 /* Resources */ = {
			isa = PBXResourcesBuildPhase;
			buildActionMask = 2147483647;
			files = (
				1804542C2A51D06D00D02308 /* LaunchScreen.storyboard in Resources */,
				180454292A51D06D00D02308 /* Assets.xcassets in Resources */,
				180454242A51D06C00D02308 /* Main.storyboard in Resources */,
				18F076502A7D2EB1005234CC /* GoogleService-Info.plist in Resources */,
			);
			runOnlyForDeploymentPostprocessing = 0;
		};
/* End PBXResourcesBuildPhase section */

/* Begin PBXShellScriptBuildPhase section */
		63228E7B49FF650F9A05BC0B /* [CP] Check Pods Manifest.lock */ = {
			isa = PBXShellScriptBuildPhase;
			buildActionMask = 2147483647;
			files = (
			);
			inputFileListPaths = (
			);
			inputPaths = (
				"${PODS_PODFILE_DIR_PATH}/Podfile.lock",
				"${PODS_ROOT}/Manifest.lock",
			);
			name = "[CP] Check Pods Manifest.lock";
			outputFileListPaths = (
			);
			outputPaths = (
				"$(DERIVED_FILE_DIR)/Pods-myADD-checkManifestLockResult.txt",
			);
			runOnlyForDeploymentPostprocessing = 0;
			shellPath = /bin/sh;
			shellScript = "diff \"${PODS_PODFILE_DIR_PATH}/Podfile.lock\" \"${PODS_ROOT}/Manifest.lock\" > /dev/null\nif [ $? != 0 ] ; then\n    # print error to STDERR\n    echo \"error: The sandbox is not in sync with the Podfile.lock. Run 'pod install' or update your CocoaPods installation.\" >&2\n    exit 1\nfi\n# This output is used by Xcode 'outputs' to avoid re-running this script phase.\necho \"SUCCESS\" > \"${SCRIPT_OUTPUT_FILE_0}\"\n";
			showEnvVarsInLog = 0;
		};
		CFB7A2E5198BF84C5D2CDF73 /* [CP] Embed Pods Frameworks */ = {
			isa = PBXShellScriptBuildPhase;
			buildActionMask = 2147483647;
			files = (
			);
			inputFileListPaths = (
				"${PODS_ROOT}/Target Support Files/Pods-myADD/Pods-myADD-frameworks-${CONFIGURATION}-input-files.xcfilelist",
			);
			name = "[CP] Embed Pods Frameworks";
			outputFileListPaths = (
				"${PODS_ROOT}/Target Support Files/Pods-myADD/Pods-myADD-frameworks-${CONFIGURATION}-output-files.xcfilelist",
			);
			runOnlyForDeploymentPostprocessing = 0;
			shellPath = /bin/sh;
			shellScript = "\"${PODS_ROOT}/Target Support Files/Pods-myADD/Pods-myADD-frameworks.sh\"\n";
			showEnvVarsInLog = 0;
		};
/* End PBXShellScriptBuildPhase section */

/* Begin PBXSourcesBuildPhase section */
		180454152A51D06C00D02308 /* Sources */ = {
			isa = PBXSourcesBuildPhase;
			buildActionMask = 2147483647;
			files = (
				18F0774D2A950189005234CC /* CalendarCardView.swift in Sources */,
				18F076F12A7FE848005234CC /* CardViewModel.swift in Sources */,
				18F077152A815A7E005234CC /* LoginService.swift in Sources */,
				18F0774A2A950143005234CC /* CardFlipViewModel.swift in Sources */,
				18F076F52A7FE91F005234CC /* MainView.swift in Sources */,
				18F077192A81637D005234CC /* NetworkResult.swift in Sources */,
				18F077032A7FEB7C005234CC /* GridItemView.swift in Sources */,
				18F077462A950111005234CC /* APIClient.swift in Sources */,
				18F077012A7FEB5C005234CC /* GridLayoutView.swift in Sources */,
				18F077092A7FEC5B005234CC /* AddCardFrontView.swift in Sources */,
				18F077562A95025D005234CC /* TopBarView.swift in Sources */,
				18F077542A950251005234CC /* ToggleViewSelector.swift in Sources */,
				18F0771B2A81692D005234CC /* APIConstants.swift in Sources */,
				180454212A51D06C00D02308 /* ViewController.swift in Sources */,
				180454272A51D06C00D02308 /* myADD.xcdatamodeld in Sources */,
				18F076EF2A7FE839005234CC /* CardDataModel.swift in Sources */,
				18F076E92A7FE793005234CC /* ImagePicker.swift in Sources */,
				18F0774F2A9501A8005234CC /* CalendarView.swift in Sources */,
				1804541D2A51D06C00D02308 /* AppDelegate.swift in Sources */,
				18F077582A95027E005234CC /* StoryboardMyPageView.swift in Sources */,
				18F076F92A7FE9FC005234CC /* FlippableCardView.swift in Sources */,
				18F077052A7FEBBF005234CC /* EditCardView.swift in Sources */,
				1804543B2A56B71600D02308 /* LoginViewController.swift in Sources */,
				18F077482A95012C005234CC /* APIEndpoint.swift in Sources */,
				18F0770D2A7FEC7C005234CC /* MemoInputView.swift in Sources */,
				18F077512A9501BA005234CC /* ContentView.swift in Sources */,
				18F076EB2A7FE7AD005234CC /* EmojiPicker.swift in Sources */,
				18F076FD2A7FEA5D005234CC /* CardFrontView.swift in Sources */,
				18F0770B2A7FEC68005234CC /* AddCardBackView.swift in Sources */,
				18F076ED2A7FE7BD005234CC /* HideKeyboard.swift in Sources */,
				1804541F2A51D06C00D02308 /* SceneDelegate.swift in Sources */,
				18F076FF2A7FEAE3005234CC /* CardBackView.swift in Sources */,
				18F077172A81625A005234CC /* LoginDataModel.swift in Sources */,
				18F077072A7FEBCF005234CC /* AddCardView.swift in Sources */,
			);
			runOnlyForDeploymentPostprocessing = 0;
		};
/* End PBXSourcesBuildPhase section */

/* Begin PBXVariantGroup section */
		180454222A51D06C00D02308 /* Main.storyboard */ = {
			isa = PBXVariantGroup;
			children = (
				180454232A51D06C00D02308 /* Base */,
			);
			name = Main.storyboard;
			sourceTree = "<group>";
		};
		1804542A2A51D06D00D02308 /* LaunchScreen.storyboard */ = {
			isa = PBXVariantGroup;
			children = (
				1804542B2A51D06D00D02308 /* Base */,
			);
			name = LaunchScreen.storyboard;
			sourceTree = "<group>";
		};
/* End PBXVariantGroup section */

/* Begin XCBuildConfiguration section */
		1804542E2A51D06D00D02308 /* Debug */ = {
			isa = XCBuildConfiguration;
			baseConfigurationReference = 180454392A5695B800D02308 /* LoginConfig.xcconfig */;
			buildSettings = {
				ALWAYS_SEARCH_USER_PATHS = NO;
				CLANG_ANALYZER_NONNULL = YES;
				CLANG_ANALYZER_NUMBER_OBJECT_CONVERSION = YES_AGGRESSIVE;
				CLANG_CXX_LANGUAGE_STANDARD = "gnu++20";
				CLANG_ENABLE_MODULES = YES;
				CLANG_ENABLE_OBJC_ARC = YES;
				CLANG_ENABLE_OBJC_WEAK = YES;
				CLANG_WARN_BLOCK_CAPTURE_AUTORELEASING = YES;
				CLANG_WARN_BOOL_CONVERSION = YES;
				CLANG_WARN_COMMA = YES;
				CLANG_WARN_CONSTANT_CONVERSION = YES;
				CLANG_WARN_DEPRECATED_OBJC_IMPLEMENTATIONS = YES;
				CLANG_WARN_DIRECT_OBJC_ISA_USAGE = YES_ERROR;
				CLANG_WARN_DOCUMENTATION_COMMENTS = YES;
				CLANG_WARN_EMPTY_BODY = YES;
				CLANG_WARN_ENUM_CONVERSION = YES;
				CLANG_WARN_INFINITE_RECURSION = YES;
				CLANG_WARN_INT_CONVERSION = YES;
				CLANG_WARN_NON_LITERAL_NULL_CONVERSION = YES;
				CLANG_WARN_OBJC_IMPLICIT_RETAIN_SELF = YES;
				CLANG_WARN_OBJC_LITERAL_CONVERSION = YES;
				CLANG_WARN_OBJC_ROOT_CLASS = YES_ERROR;
				CLANG_WARN_QUOTED_INCLUDE_IN_FRAMEWORK_HEADER = YES;
				CLANG_WARN_RANGE_LOOP_ANALYSIS = YES;
				CLANG_WARN_STRICT_PROTOTYPES = YES;
				CLANG_WARN_SUSPICIOUS_MOVE = YES;
				CLANG_WARN_UNGUARDED_AVAILABILITY = YES_AGGRESSIVE;
				CLANG_WARN_UNREACHABLE_CODE = YES;
				CLANG_WARN__DUPLICATE_METHOD_MATCH = YES;
				COPY_PHASE_STRIP = NO;
				DEBUG_INFORMATION_FORMAT = dwarf;
				ENABLE_STRICT_OBJC_MSGSEND = YES;
				ENABLE_TESTABILITY = YES;
				GCC_C_LANGUAGE_STANDARD = gnu11;
				GCC_DYNAMIC_NO_PIC = NO;
				GCC_NO_COMMON_BLOCKS = YES;
				GCC_OPTIMIZATION_LEVEL = 0;
				GCC_PREPROCESSOR_DEFINITIONS = (
					"DEBUG=1",
					"$(inherited)",
				);
				GCC_WARN_64_TO_32_BIT_CONVERSION = YES;
				GCC_WARN_ABOUT_RETURN_TYPE = YES_ERROR;
				GCC_WARN_UNDECLARED_SELECTOR = YES;
				GCC_WARN_UNINITIALIZED_AUTOS = YES_AGGRESSIVE;
				GCC_WARN_UNUSED_FUNCTION = YES;
				GCC_WARN_UNUSED_VARIABLE = YES;
				IPHONEOS_DEPLOYMENT_TARGET = 16.4;
				MTL_ENABLE_DEBUG_INFO = INCLUDE_SOURCE;
				MTL_FAST_MATH = YES;
				ONLY_ACTIVE_ARCH = YES;
				SDKROOT = iphoneos;
				SWIFT_ACTIVE_COMPILATION_CONDITIONS = DEBUG;
				SWIFT_OPTIMIZATION_LEVEL = "-Onone";
			};
			name = Debug;
		};
		1804542F2A51D06D00D02308 /* Release */ = {
			isa = XCBuildConfiguration;
			baseConfigurationReference = 180454392A5695B800D02308 /* LoginConfig.xcconfig */;
			buildSettings = {
				ALWAYS_SEARCH_USER_PATHS = NO;
				CLANG_ANALYZER_NONNULL = YES;
				CLANG_ANALYZER_NUMBER_OBJECT_CONVERSION = YES_AGGRESSIVE;
				CLANG_CXX_LANGUAGE_STANDARD = "gnu++20";
				CLANG_ENABLE_MODULES = YES;
				CLANG_ENABLE_OBJC_ARC = YES;
				CLANG_ENABLE_OBJC_WEAK = YES;
				CLANG_WARN_BLOCK_CAPTURE_AUTORELEASING = YES;
				CLANG_WARN_BOOL_CONVERSION = YES;
				CLANG_WARN_COMMA = YES;
				CLANG_WARN_CONSTANT_CONVERSION = YES;
				CLANG_WARN_DEPRECATED_OBJC_IMPLEMENTATIONS = YES;
				CLANG_WARN_DIRECT_OBJC_ISA_USAGE = YES_ERROR;
				CLANG_WARN_DOCUMENTATION_COMMENTS = YES;
				CLANG_WARN_EMPTY_BODY = YES;
				CLANG_WARN_ENUM_CONVERSION = YES;
				CLANG_WARN_INFINITE_RECURSION = YES;
				CLANG_WARN_INT_CONVERSION = YES;
				CLANG_WARN_NON_LITERAL_NULL_CONVERSION = YES;
				CLANG_WARN_OBJC_IMPLICIT_RETAIN_SELF = YES;
				CLANG_WARN_OBJC_LITERAL_CONVERSION = YES;
				CLANG_WARN_OBJC_ROOT_CLASS = YES_ERROR;
				CLANG_WARN_QUOTED_INCLUDE_IN_FRAMEWORK_HEADER = YES;
				CLANG_WARN_RANGE_LOOP_ANALYSIS = YES;
				CLANG_WARN_STRICT_PROTOTYPES = YES;
				CLANG_WARN_SUSPICIOUS_MOVE = YES;
				CLANG_WARN_UNGUARDED_AVAILABILITY = YES_AGGRESSIVE;
				CLANG_WARN_UNREACHABLE_CODE = YES;
				CLANG_WARN__DUPLICATE_METHOD_MATCH = YES;
				COPY_PHASE_STRIP = NO;
				DEBUG_INFORMATION_FORMAT = "dwarf-with-dsym";
				ENABLE_NS_ASSERTIONS = NO;
				ENABLE_STRICT_OBJC_MSGSEND = YES;
				GCC_C_LANGUAGE_STANDARD = gnu11;
				GCC_NO_COMMON_BLOCKS = YES;
				GCC_WARN_64_TO_32_BIT_CONVERSION = YES;
				GCC_WARN_ABOUT_RETURN_TYPE = YES_ERROR;
				GCC_WARN_UNDECLARED_SELECTOR = YES;
				GCC_WARN_UNINITIALIZED_AUTOS = YES_AGGRESSIVE;
				GCC_WARN_UNUSED_FUNCTION = YES;
				GCC_WARN_UNUSED_VARIABLE = YES;
				IPHONEOS_DEPLOYMENT_TARGET = 16.4;
				MTL_ENABLE_DEBUG_INFO = NO;
				MTL_FAST_MATH = YES;
				SDKROOT = iphoneos;
				SWIFT_COMPILATION_MODE = wholemodule;
				SWIFT_OPTIMIZATION_LEVEL = "-O";
				VALIDATE_PRODUCT = YES;
			};
			name = Release;
		};
		180454312A51D06D00D02308 /* Debug */ = {
			isa = XCBuildConfiguration;
			baseConfigurationReference = 4E9FCC9790A9D7C39B09E572 /* Pods-myADD.debug.xcconfig */;
			buildSettings = {
				ASSETCATALOG_COMPILER_APPICON_NAME = AppIcon;
				ASSETCATALOG_COMPILER_GLOBAL_ACCENT_COLOR_NAME = AccentColor;
				CODE_SIGN_STYLE = Automatic;
				CURRENT_PROJECT_VERSION = 1;
				GENERATE_INFOPLIST_FILE = YES;
				INFOPLIST_FILE = myADD/Info.plist;
				INFOPLIST_KEY_NSPhotoLibraryUsageDescription = "프로필 사진 설정을 위하여 앨범 접근 권한 허용이 필요합니다.";
				INFOPLIST_KEY_UIApplicationSupportsIndirectInputEvents = YES;
				INFOPLIST_KEY_UILaunchStoryboardName = LaunchScreen;
				INFOPLIST_KEY_UIMainStoryboardFile = Main;
				INFOPLIST_KEY_UISupportedInterfaceOrientations_iPad = "UIInterfaceOrientationPortrait UIInterfaceOrientationPortraitUpsideDown UIInterfaceOrientationLandscapeLeft UIInterfaceOrientationLandscapeRight";
				INFOPLIST_KEY_UISupportedInterfaceOrientations_iPhone = "UIInterfaceOrientationPortrait UIInterfaceOrientationLandscapeLeft UIInterfaceOrientationLandscapeRight";
				LD_RUNPATH_SEARCH_PATHS = (
					"$(inherited)",
					"@executable_path/Frameworks",
				);
				MARKETING_VERSION = 1.0;
				PRODUCT_BUNDLE_IDENTIFIER = myADD.myADD;
				PRODUCT_NAME = "$(TARGET_NAME)";
				SWIFT_EMIT_LOC_STRINGS = YES;
				SWIFT_VERSION = 5.0;
				TARGETED_DEVICE_FAMILY = "1,2";
			};
			name = Debug;
		};
		180454322A51D06D00D02308 /* Release */ = {
			isa = XCBuildConfiguration;
			baseConfigurationReference = D120F8CE219FB2A1584AE21B /* Pods-myADD.release.xcconfig */;
			buildSettings = {
				ASSETCATALOG_COMPILER_APPICON_NAME = AppIcon;
				ASSETCATALOG_COMPILER_GLOBAL_ACCENT_COLOR_NAME = AccentColor;
				CODE_SIGN_STYLE = Automatic;
				CURRENT_PROJECT_VERSION = 1;
				GENERATE_INFOPLIST_FILE = YES;
				INFOPLIST_FILE = myADD/Info.plist;
				INFOPLIST_KEY_NSPhotoLibraryUsageDescription = "프로필 사진 설정을 위하여 앨범 접근 권한 허용이 필요합니다.";
				INFOPLIST_KEY_UIApplicationSupportsIndirectInputEvents = YES;
				INFOPLIST_KEY_UILaunchStoryboardName = LaunchScreen;
				INFOPLIST_KEY_UIMainStoryboardFile = Main;
				INFOPLIST_KEY_UISupportedInterfaceOrientations_iPad = "UIInterfaceOrientationPortrait UIInterfaceOrientationPortraitUpsideDown UIInterfaceOrientationLandscapeLeft UIInterfaceOrientationLandscapeRight";
				INFOPLIST_KEY_UISupportedInterfaceOrientations_iPhone = "UIInterfaceOrientationPortrait UIInterfaceOrientationLandscapeLeft UIInterfaceOrientationLandscapeRight";
				LD_RUNPATH_SEARCH_PATHS = (
					"$(inherited)",
					"@executable_path/Frameworks",
				);
				MARKETING_VERSION = 1.0;
				PRODUCT_BUNDLE_IDENTIFIER = myADD.myADD;
				PRODUCT_NAME = "$(TARGET_NAME)";
				SWIFT_EMIT_LOC_STRINGS = YES;
				SWIFT_VERSION = 5.0;
				TARGETED_DEVICE_FAMILY = "1,2";
			};
			name = Release;
		};
/* End XCBuildConfiguration section */

/* Begin XCConfigurationList section */
		180454142A51D06C00D02308 /* Build configuration list for PBXProject "myADD" */ = {
			isa = XCConfigurationList;
			buildConfigurations = (
				1804542E2A51D06D00D02308 /* Debug */,
				1804542F2A51D06D00D02308 /* Release */,
			);
			defaultConfigurationIsVisible = 0;
			defaultConfigurationName = Release;
		};
		180454302A51D06D00D02308 /* Build configuration list for PBXNativeTarget "myADD" */ = {
			isa = XCConfigurationList;
			buildConfigurations = (
				180454312A51D06D00D02308 /* Debug */,
				180454322A51D06D00D02308 /* Release */,
			);
			defaultConfigurationIsVisible = 0;
			defaultConfigurationName = Release;
		};
/* End XCConfigurationList section */

/* Begin XCRemoteSwiftPackageReference section */
		18F076882A7FC28A005234CC /* XCRemoteSwiftPackageReference "EmojiPicker" */ = {
			isa = XCRemoteSwiftPackageReference;
			repositoryURL = "https://github.com/Kelvas09/EmojiPicker.git";
			requirement = {
				kind = upToNextMajorVersion;
				minimumVersion = 1.0.0;
			};
		};
		18F077592A950957005234CC /* XCRemoteSwiftPackageReference "FSCalendar" */ = {
			isa = XCRemoteSwiftPackageReference;
			repositoryURL = "https://github.com/WenchaoD/FSCalendar";
			requirement = {
				kind = upToNextMajorVersion;
				minimumVersion = 2.0.0;
			};
		};
		18F0775C2A950978005234CC /* XCRemoteSwiftPackageReference "SDWebImageSwiftUI" */ = {
			isa = XCRemoteSwiftPackageReference;
			repositoryURL = "https://github.com/SDWebImage/SDWebImageSwiftUI";
			requirement = {
				kind = upToNextMajorVersion;
				minimumVersion = 2.0.0;
			};
		};
		18F0775F2A95099B005234CC /* XCRemoteSwiftPackageReference "SwiftUIPager" */ = {
			isa = XCRemoteSwiftPackageReference;
			repositoryURL = "https://github.com/fermoya/SwiftUIPager";
			requirement = {
				kind = upToNextMajorVersion;
				minimumVersion = 2.0.0;
			};
		};
/* End XCRemoteSwiftPackageReference section */

/* Begin XCSwiftPackageProductDependency section */
		18F076892A7FC28A005234CC /* EmojiPicker */ = {
			isa = XCSwiftPackageProductDependency;
			package = 18F076882A7FC28A005234CC /* XCRemoteSwiftPackageReference "EmojiPicker" */;
			productName = EmojiPicker;
		};
		18F0775A2A950957005234CC /* FSCalendar */ = {
			isa = XCSwiftPackageProductDependency;
			package = 18F077592A950957005234CC /* XCRemoteSwiftPackageReference "FSCalendar" */;
			productName = FSCalendar;
		};
		18F0775D2A950978005234CC /* SDWebImageSwiftUI */ = {
			isa = XCSwiftPackageProductDependency;
			package = 18F0775C2A950978005234CC /* XCRemoteSwiftPackageReference "SDWebImageSwiftUI" */;
			productName = SDWebImageSwiftUI;
		};
		18F077602A95099B005234CC /* SwiftUIPager */ = {
			isa = XCSwiftPackageProductDependency;
			package = 18F0775F2A95099B005234CC /* XCRemoteSwiftPackageReference "SwiftUIPager" */;
			productName = SwiftUIPager;
		};
/* End XCSwiftPackageProductDependency section */

/* Begin XCVersionGroup section */
		180454252A51D06C00D02308 /* myADD.xcdatamodeld */ = {
			isa = XCVersionGroup;
			children = (
				180454262A51D06C00D02308 /* myADD.xcdatamodel */,
			);
			currentVersion = 180454262A51D06C00D02308 /* myADD.xcdatamodel */;
			path = myADD.xcdatamodeld;
			sourceTree = "<group>";
			versionGroupType = wrapper.xcdatamodel;
		};
/* End XCVersionGroup section */
	};
	rootObject = 180454112A51D06C00D02308 /* Project object */;
}
